
Microsoft Visual Studio Solution File, Format Version 12.00
# Visual Studio Version 17
VisualStudioVersion = 17.12.35707.178
MinimumVisualStudioVersion = 10.0.40219.1
Project("{FAE04EC0-301F-11D3-BF4B-00C04F79EFBC}") = "RoomBookingApp.Core.Tests", "RoomBookingApp.Core.Tests\RoomBookingApp.Core.Tests.csproj", "{422269F2-1C0B-49DF-8858-092C056B57AD}"
EndProject
Project("{FAE04EC0-301F-11D3-BF4B-00C04F79EFBC}") = "RoomBookingApp.Core", "RoomBookingApp.Core\RoomBookingApp.Core.csproj", "{7D8588C2-0DFA-45AF-B875-FF09F83C6BC8}"
EndProject
Project("{FAE04EC0-301F-11D3-BF4B-00C04F79EFBC}") = "RoomBookingApp.Domain", "RoomBookingApp.Domain\RoomBookingApp.Domain.csproj", "{CBF0C481-217A-4918-A4ED-03582F676B24}"
EndProject
Project("{FAE04EC0-301F-11D3-BF4B-00C04F79EFBC}") = "RoomBookingApp.Persistence", "RoomBookingApp.Persistence\RoomBookingApp.Persistence.csproj", "{E2683226-BC7B-4A50-9E39-7FA41DDBC3C3}"
EndProject
Project("{FAE04EC0-301F-11D3-BF4B-00C04F79EFBC}") = "RoomBookingApp.Persistence.Tests", "RoomBookingApp.Persistence.Tests\RoomBookingApp.Persistence.Tests.csproj", "{9EC984C0-57CE-4B31-90A5-2AD594A7D105}"
EndProject
Project("{FAE04EC0-301F-11D3-BF4B-00C04F79EFBC}") = "RoomBookingApp.Api", "RoomBookingApp.Api\RoomBookingApp.Api.csproj", "{3D7C1ECE-FCD0-4F9E-9EA3-B5BD0E89F329}"
EndProject
Project("{FAE04EC0-301F-11D3-BF4B-00C04F79EFBC}") = "RoomBookingApp.Api.Tests", "RoomBookingApp.Api.Tests\RoomBookingApp.Api.Tests.csproj", "{35522C21-2326-45E1-9A55-08AE2D0151C4}"
EndProject
Global
	GlobalSection(SolutionConfigurationPlatforms) = preSolution
		Debug|Any CPU = Debug|Any CPU
		Release|Any CPU = Release|Any CPU
	EndGlobalSection
	GlobalSection(ProjectConfigurationPlatforms) = postSolution
		{422269F2-1C0B-49DF-8858-092C056B57AD}.Debug|Any CPU.ActiveCfg = Debug|Any CPU
		{422269F2-1C0B-49DF-8858-092C056B57AD}.Debug|Any CPU.Build.0 = Debug|Any CPU
		{422269F2-1C0B-49DF-8858-092C056B57AD}.Release|Any CPU.ActiveCfg = Release|Any CPU
		{422269F2-1C0B-49DF-8858-092C056B57AD}.Release|Any CPU.Build.0 = Release|Any CPU
		{7D8588C2-0DFA-45AF-B875-FF09F83C6BC8}.Debug|Any CPU.ActiveCfg = Debug|Any CPU
		{7D8588C2-0DFA-45AF-B875-FF09F83C6BC8}.Debug|Any CPU.Build.0 = Debug|Any CPU
		{7D8588C2-0DFA-45AF-B875-FF09F83C6BC8}.Release|Any CPU.ActiveCfg = Release|Any CPU
		{7D8588C2-0DFA-45AF-B875-FF09F83C6BC8}.Release|Any CPU.Build.0 = Release|Any CPU
		{CBF0C481-217A-4918-A4ED-03582F676B24}.Debug|Any CPU.ActiveCfg = Debug|Any CPU
		{CBF0C481-217A-4918-A4ED-03582F676B24}.Debug|Any CPU.Build.0 = Debug|Any CPU
		{CBF0C481-217A-4918-A4ED-03582F676B24}.Release|Any CPU.ActiveCfg = Release|Any CPU
		{CBF0C481-217A-4918-A4ED-03582F676B24}.Release|Any CPU.Build.0 = Release|Any CPU
		{E2683226-BC7B-4A50-9E39-7FA41DDBC3C3}.Debug|Any CPU.ActiveCfg = Debug|Any CPU
		{E2683226-BC7B-4A50-9E39-7FA41DDBC3C3}.Debug|Any CPU.Build.0 = Debug|Any CPU
		{E2683226-BC7B-4A50-9E39-7FA41DDBC3C3}.Release|Any CPU.ActiveCfg = Release|Any CPU
		{E2683226-BC7B-4A50-9E39-7FA41DDBC3C3}.Release|Any CPU.Build.0 = Release|Any CPU
		{9EC984C0-57CE-4B31-90A5-2AD594A7D105}.Debug|Any CPU.ActiveCfg = Debug|Any CPU
		{9EC984C0-57CE-4B31-90A5-2AD594A7D105}.Debug|Any CPU.Build.0 = Debug|Any CPU
		{9EC984C0-57CE-4B31-90A5-2AD594A7D105}.Release|Any CPU.ActiveCfg = Release|Any CPU
		{9EC984C0-57CE-4B31-90A5-2AD594A7D105}.Release|Any CPU.Build.0 = Release|Any CPU
		{3D7C1ECE-FCD0-4F9E-9EA3-B5BD0E89F329}.Debug|Any CPU.ActiveCfg = Debug|Any CPU
		{3D7C1ECE-FCD0-4F9E-9EA3-B5BD0E89F329}.Debug|Any CPU.Build.0 = Debug|Any CPU
		{3D7C1ECE-FCD0-4F9E-9EA3-B5BD0E89F329}.Release|Any CPU.ActiveCfg = Release|Any CPU
		{3D7C1ECE-FCD0-4F9E-9EA3-B5BD0E89F329}.Release|Any CPU.Build.0 = Release|Any CPU
		{35522C21-2326-45E1-9A55-08AE2D0151C4}.Debug|Any CPU.ActiveCfg = Debug|Any CPU
		{35522C21-2326-45E1-9A55-08AE2D0151C4}.Debug|Any CPU.Build.0 = Debug|Any CPU
		{35522C21-2326-45E1-9A55-08AE2D0151C4}.Release|Any CPU.ActiveCfg = Release|Any CPU
		{35522C21-2326-45E1-9A55-08AE2D0151C4}.Release|Any CPU.Build.0 = Release|Any CPU
	EndGlobalSection
	GlobalSection(SolutionProperties) = preSolution
		HideSolutionNode = FALSE
	EndGlobalSection
EndGlobal
